
Microsoft Visual Studio Solution File, Format Version 12.00
# Visual Studio Version 17
VisualStudioVersion = 17.6.33815.320
MinimumVisualStudioVersion = 10.0.40219.1
Project("{FAE04EC0-301F-11D3-BF4B-00C04F79EFBC}") = "Dice Game (#5.5)", "Dice Game (#5.5)\Dice Game (#5.5).csproj", "{6ABBDBF4-E029-4032-8C5D-AE3D0204159F}"
EndProject
Global
	GlobalSection(SolutionConfigurationPlatforms) = preSolution
		Debug|Any CPU = Debug|Any CPU
		Release|Any CPU = Release|Any CPU
	EndGlobalSection
	GlobalSection(ProjectConfigurationPlatforms) = postSolution
		{6ABBDBF4-E029-4032-8C5D-AE3D0204159F}.Debug|Any CPU.ActiveCfg = Debug|Any CPU
		{6ABBDBF4-E029-4032-8C5D-AE3D0204159F}.Debug|Any CPU.Build.0 = Debug|Any CPU
		{6ABBDBF4-E029-4032-8C5D-AE3D0204159F}.Release|Any CPU.ActiveCfg = Release|Any CPU
		{6ABBDBF4-E029-4032-8C5D-AE3D0204159F}.Release|Any CPU.Build.0 = Release|Any CPU
	EndGlobalSection
	GlobalSection(SolutionProperties) = preSolution
		HideSolutionNode = FALSE
	EndGlobalSection
	GlobalSection(ExtensibilityGlobals) = postSolution
		SolutionGuid = {864B4CDA-D8DC-4D9D-AE60-460BC8308A1F}
	EndGlobalSection
EndGlobal
